
Microsoft Visual Studio Solution File, Format Version 12.00
# Visual Studio 15
VisualStudioVersion = 15.0.26430.6
MinimumVisualStudioVersion = 10.0.40219.1
Project("{FAE04EC0-301F-11D3-BF4B-00C04F79EFBC}") = "WooCommerceCore.NET.Tests", "WooCommerceCore.NET.Tests\WooCommerceCore.NET.Tests.csproj", "{8982EFFC-5827-42F0-AC0F-1D150509AB36}"
EndProject
Project("{FAE04EC0-301F-11D3-BF4B-00C04F79EFBC}") = "WooCommerceCore.NET", "WooCommerceCore.NET\WooCommerceCore.NET.csproj", "{923F1FC6-5359-4485-B2EE-6E9378C01C4C}"
EndProject
Global
	GlobalSection(SolutionConfigurationPlatforms) = preSolution
		Debug|Any CPU = Debug|Any CPU
		Release|Any CPU = Release|Any CPU
	EndGlobalSection
	GlobalSection(ProjectConfigurationPlatforms) = postSolution
		{8982EFFC-5827-42F0-AC0F-1D150509AB36}.Debug|Any CPU.ActiveCfg = Debug|Any CPU
		{8982EFFC-5827-42F0-AC0F-1D150509AB36}.Debug|Any CPU.Build.0 = Debug|Any CPU
		{8982EFFC-5827-42F0-AC0F-1D150509AB36}.Release|Any CPU.ActiveCfg = Release|Any CPU
		{8982EFFC-5827-42F0-AC0F-1D150509AB36}.Release|Any CPU.Build.0 = Release|Any CPU
		{923F1FC6-5359-4485-B2EE-6E9378C01C4C}.Debug|Any CPU.ActiveCfg = Debug|Any CPU
		{923F1FC6-5359-4485-B2EE-6E9378C01C4C}.Debug|Any CPU.Build.0 = Debug|Any CPU
		{923F1FC6-5359-4485-B2EE-6E9378C01C4C}.Release|Any CPU.ActiveCfg = Release|Any CPU
		{923F1FC6-5359-4485-B2EE-6E9378C01C4C}.Release|Any CPU.Build.0 = Release|Any CPU
	EndGlobalSection
	GlobalSection(SolutionProperties) = preSolution
		HideSolutionNode = FALSE
	EndGlobalSection
EndGlobal
